
Microsoft Visual Studio Solution File, Format Version 12.00
# Visual Studio Version 17
VisualStudioVersion = 17.9.34701.34
MinimumVisualStudioVersion = 10.0.40219.1
Project("{FAE04EC0-301F-11D3-BF4B-00C04F79EFBC}") = "RentVilla.ui.Server", "RentVilla.ui.Server\RentVilla.ui.Server.csproj", "{59C754AF-FB2D-462F-B64B-CDF258BE308F}"
EndProject
Project("{54A90642-561A-4BB1-A94E-469ADEE60C69}") = "rentvilla.ui.client", "rentvilla.ui.client\rentvilla.ui.client.esproj", "{C0C0E7F4-691A-457C-B7E3-EC675CB39C57}"
EndProject
Global
	GlobalSection(SolutionConfigurationPlatforms) = preSolution
		Debug|Any CPU = Debug|Any CPU
		Release|Any CPU = Release|Any CPU
	EndGlobalSection
	GlobalSection(ProjectConfigurationPlatforms) = postSolution
		{59C754AF-FB2D-462F-B64B-CDF258BE308F}.Debug|Any CPU.ActiveCfg = Debug|Any CPU
		{59C754AF-FB2D-462F-B64B-CDF258BE308F}.Debug|Any CPU.Build.0 = Debug|Any CPU
		{59C754AF-FB2D-462F-B64B-CDF258BE308F}.Release|Any CPU.ActiveCfg = Release|Any CPU
		{59C754AF-FB2D-462F-B64B-CDF258BE308F}.Release|Any CPU.Build.0 = Release|Any CPU
		{C0C0E7F4-691A-457C-B7E3-EC675CB39C57}.Debug|Any CPU.ActiveCfg = Debug|Any CPU
		{C0C0E7F4-691A-457C-B7E3-EC675CB39C57}.Debug|Any CPU.Build.0 = Debug|Any CPU
		{C0C0E7F4-691A-457C-B7E3-EC675CB39C57}.Debug|Any CPU.Deploy.0 = Debug|Any CPU
		{C0C0E7F4-691A-457C-B7E3-EC675CB39C57}.Release|Any CPU.ActiveCfg = Release|Any CPU
		{C0C0E7F4-691A-457C-B7E3-EC675CB39C57}.Release|Any CPU.Build.0 = Release|Any CPU
		{C0C0E7F4-691A-457C-B7E3-EC675CB39C57}.Release|Any CPU.Deploy.0 = Release|Any CPU
	EndGlobalSection
	GlobalSection(SolutionProperties) = preSolution
		HideSolutionNode = FALSE
	EndGlobalSection
	GlobalSection(ExtensibilityGlobals) = postSolution
		SolutionGuid = {BC8F478C-D1A4-4421-948D-A7506B2CB9C3}
	EndGlobalSection
EndGlobal
